
Microsoft Visual Studio Solution File, Format Version 12.00
# Visual Studio Version 17
VisualStudioVersion = 17.7.34221.43
MinimumVisualStudioVersion = 10.0.40219.1
Project("{9A19103F-16F7-4668-BE54-9A1E7A4F7556}") = "BlazorChat.Client", "BlazorChat.Client\BlazorChat.Client.csproj", "{E5F7EF9D-799C-47CB-A19F-22AE8792A685}"
EndProject
Project("{9A19103F-16F7-4668-BE54-9A1E7A4F7556}") = "BlazorChat.API", "BlazorChat.API\BlazorChat.API.csproj", "{932F87D0-ABE9-45C4-B1E4-1CE1480E5B29}"
EndProject
Project("{9A19103F-16F7-4668-BE54-9A1E7A4F7556}") = "BlazorChat.Data", "BlazorChat.Data\BlazorChat.Data.csproj", "{2AADF677-E2C0-4491-BC6B-D2285CF0ADB9}"
EndProject
Global
	GlobalSection(SolutionConfigurationPlatforms) = preSolution
		Debug|Any CPU = Debug|Any CPU
		Release|Any CPU = Release|Any CPU
	EndGlobalSection
	GlobalSection(ProjectConfigurationPlatforms) = postSolution
		{E5F7EF9D-799C-47CB-A19F-22AE8792A685}.Debug|Any CPU.ActiveCfg = Debug|Any CPU
		{E5F7EF9D-799C-47CB-A19F-22AE8792A685}.Debug|Any CPU.Build.0 = Debug|Any CPU
		{E5F7EF9D-799C-47CB-A19F-22AE8792A685}.Release|Any CPU.ActiveCfg = Release|Any CPU
		{E5F7EF9D-799C-47CB-A19F-22AE8792A685}.Release|Any CPU.Build.0 = Release|Any CPU
		{932F87D0-ABE9-45C4-B1E4-1CE1480E5B29}.Debug|Any CPU.ActiveCfg = Debug|Any CPU
		{932F87D0-ABE9-45C4-B1E4-1CE1480E5B29}.Debug|Any CPU.Build.0 = Debug|Any CPU
		{932F87D0-ABE9-45C4-B1E4-1CE1480E5B29}.Release|Any CPU.ActiveCfg = Release|Any CPU
		{932F87D0-ABE9-45C4-B1E4-1CE1480E5B29}.Release|Any CPU.Build.0 = Release|Any CPU
		{2AADF677-E2C0-4491-BC6B-D2285CF0ADB9}.Debug|Any CPU.ActiveCfg = Debug|Any CPU
		{2AADF677-E2C0-4491-BC6B-D2285CF0ADB9}.Debug|Any CPU.Build.0 = Debug|Any CPU
		{2AADF677-E2C0-4491-BC6B-D2285CF0ADB9}.Release|Any CPU.ActiveCfg = Release|Any CPU
		{2AADF677-E2C0-4491-BC6B-D2285CF0ADB9}.Release|Any CPU.Build.0 = Release|Any CPU
	EndGlobalSection
	GlobalSection(SolutionProperties) = preSolution
		HideSolutionNode = FALSE
	EndGlobalSection
	GlobalSection(ExtensibilityGlobals) = postSolution
		SolutionGuid = {62811696-1E8A-4117-8BF7-E036ED6AF9EB}
	EndGlobalSection
EndGlobal
